
Microsoft Visual Studio Solution File, Format Version 11.00
# Visual Studio 2010
Project("{FAE04EC0-301F-11D3-BF4B-00C04F79EFBC}") = "ultraNivosliderForUmbraco5", "ultraNivosliderForUmbraco5\ultraNivosliderForUmbraco5.csproj", "{424AB7C2-5977-4B24-86D0-F6E35EF08739}"
EndProject
Global
	GlobalSection(SolutionConfigurationPlatforms) = preSolution
		Debug|Any CPU = Debug|Any CPU
		Release|Any CPU = Release|Any CPU
	EndGlobalSection
	GlobalSection(ProjectConfigurationPlatforms) = postSolution
		{424AB7C2-5977-4B24-86D0-F6E35EF08739}.Debug|Any CPU.ActiveCfg = Debug|Any CPU
		{424AB7C2-5977-4B24-86D0-F6E35EF08739}.Debug|Any CPU.Build.0 = Debug|Any CPU
		{424AB7C2-5977-4B24-86D0-F6E35EF08739}.Release|Any CPU.ActiveCfg = Release|Any CPU
		{424AB7C2-5977-4B24-86D0-F6E35EF08739}.Release|Any CPU.Build.0 = Release|Any CPU
	EndGlobalSection
	GlobalSection(SolutionProperties) = preSolution
		HideSolutionNode = FALSE
	EndGlobalSection
EndGlobal
