
Microsoft Visual Studio Solution File, Format Version 11.00
# Visual Studio 2010
Project("{FAE04EC0-301F-11D3-BF4B-00C04F79EFBC}") = "ultraNivosliderForUmbraco5", "ultraNivosliderForUmbraco5\ultraNivosliderForUmbraco5.csproj", "{F86D0F3D-005F-460A-9241-AB570D55162F}"
EndProject
Global
	GlobalSection(SolutionConfigurationPlatforms) = preSolution
		Debug|Any CPU = Debug|Any CPU
		Release|Any CPU = Release|Any CPU
	EndGlobalSection
	GlobalSection(ProjectConfigurationPlatforms) = postSolution
		{F86D0F3D-005F-460A-9241-AB570D55162F}.Debug|Any CPU.ActiveCfg = Debug|Any CPU
		{F86D0F3D-005F-460A-9241-AB570D55162F}.Debug|Any CPU.Build.0 = Debug|Any CPU
		{F86D0F3D-005F-460A-9241-AB570D55162F}.Release|Any CPU.ActiveCfg = Release|Any CPU
		{F86D0F3D-005F-460A-9241-AB570D55162F}.Release|Any CPU.Build.0 = Release|Any CPU
	EndGlobalSection
	GlobalSection(SolutionProperties) = preSolution
		HideSolutionNode = FALSE
	EndGlobalSection
EndGlobal
